Microsoft Visual Studio Solution File, Format Version 12.00
# Visual Studio Version 17
VisualStudioVersion = 17.12.35309.182
MinimumVisualStudioVersion = 10.0.40219.1
Project("{FAE04EC0-301F-11D3-BF4B-00C04F79EFBC}") = "ModTeleporter", "ModTeleporter.csproj", "{FA6ACB5F-DA9A-4256-9345-3A33FC66BF66}"
EndProject
Global
	GlobalSection(SolutionConfigurationPlatforms) = preSolution
		Release|x86 = Release|x86
	EndGlobalSection
	GlobalSection(ProjectConfigurationPlatforms) = postSolution
		{FA6ACB5F-DA9A-4256-9345-3A33FC66BF66}.Release|x86.ActiveCfg = Release|x86
		{FA6ACB5F-DA9A-4256-9345-3A33FC66BF66}.Release|x86.Build.0 = Release|x86
	EndGlobalSection
	GlobalSection(SolutionProperties) = preSolution
		HideSolutionNode = FALSE
	EndGlobalSection
	GlobalSection(ExtensibilityGlobals) = postSolution
		SolutionGuid = {3000A1B6-E2E4-4B2E-8256-1E3798E54C0F}
	EndGlobalSection
EndGlobal
